
Microsoft Visual Studio Solution File, Format Version 12.00
# Visual Studio Version 17
VisualStudioVersion = 17.1.32328.378
MinimumVisualStudioVersion = 10.0.40219.1
Project("{FAE04EC0-301F-11D3-BF4B-00C04F79EFBC}") = "c_sharp", "c_sharp\c_sharp.csproj", "{8D102B27-B75B-4943-85DF-C3A219B8F7AF}"
EndProject
Global
	GlobalSection(SolutionConfigurationPlatforms) = preSolution
		Debug|Any CPU = Debug|Any CPU
		Release|Any CPU = Release|Any CPU
	EndGlobalSection
	GlobalSection(ProjectConfigurationPlatforms) = postSolution
		{8D102B27-B75B-4943-85DF-C3A219B8F7AF}.Debug|Any CPU.ActiveCfg = Debug|Any CPU
		{8D102B27-B75B-4943-85DF-C3A219B8F7AF}.Debug|Any CPU.Build.0 = Debug|Any CPU
		{8D102B27-B75B-4943-85DF-C3A219B8F7AF}.Release|Any CPU.ActiveCfg = Release|Any CPU
		{8D102B27-B75B-4943-85DF-C3A219B8F7AF}.Release|Any CPU.Build.0 = Release|Any CPU
	EndGlobalSection
	GlobalSection(SolutionProperties) = preSolution
		HideSolutionNode = FALSE
	EndGlobalSection
	GlobalSection(ExtensibilityGlobals) = postSolution
		SolutionGuid = {C8A89FE4-BE03-4857-92B3-31B3C814169C}
	EndGlobalSection
EndGlobal
