
Microsoft Visual Studio Solution File, Format Version 12.00
# Visual Studio Version 17
VisualStudioVersion = 17.1.32328.378
MinimumVisualStudioVersion = 10.0.40219.1
Project("{FAE04EC0-301F-11D3-BF4B-00C04F79EFBC}") = "Csharp task2", "Csharp task2\Csharp task2.csproj", "{C00829D3-C1E0-4041-B131-DAA8BF16F523}"
EndProject
Global
	GlobalSection(SolutionConfigurationPlatforms) = preSolution
		Debug|Any CPU = Debug|Any CPU
		Release|Any CPU = Release|Any CPU
	EndGlobalSection
	GlobalSection(ProjectConfigurationPlatforms) = postSolution
		{C00829D3-C1E0-4041-B131-DAA8BF16F523}.Debug|Any CPU.ActiveCfg = Debug|Any CPU
		{C00829D3-C1E0-4041-B131-DAA8BF16F523}.Debug|Any CPU.Build.0 = Debug|Any CPU
		{C00829D3-C1E0-4041-B131-DAA8BF16F523}.Release|Any CPU.ActiveCfg = Release|Any CPU
		{C00829D3-C1E0-4041-B131-DAA8BF16F523}.Release|Any CPU.Build.0 = Release|Any CPU
	EndGlobalSection
	GlobalSection(SolutionProperties) = preSolution
		HideSolutionNode = FALSE
	EndGlobalSection
	GlobalSection(ExtensibilityGlobals) = postSolution
		SolutionGuid = {2DB074DE-0FD5-4497-9B55-A8EDD55C3C4A}
	EndGlobalSection
EndGlobal
