
Microsoft Visual Studio Solution File, Format Version 12.00
# Visual Studio Version 17
VisualStudioVersion = 17.1.32328.378
MinimumVisualStudioVersion = 10.0.40219.1
Project("{FAE04EC0-301F-11D3-BF4B-00C04F79EFBC}") = "live coding", "live coding\live coding.csproj", "{EEF180E5-F74C-4C0D-A52A-BE6F694F81F1}"
EndProject
Global
	GlobalSection(SolutionConfigurationPlatforms) = preSolution
		Debug|Any CPU = Debug|Any CPU
		Release|Any CPU = Release|Any CPU
	EndGlobalSection
	GlobalSection(ProjectConfigurationPlatforms) = postSolution
		{EEF180E5-F74C-4C0D-A52A-BE6F694F81F1}.Debug|Any CPU.ActiveCfg = Debug|Any CPU
		{EEF180E5-F74C-4C0D-A52A-BE6F694F81F1}.Debug|Any CPU.Build.0 = Debug|Any CPU
		{EEF180E5-F74C-4C0D-A52A-BE6F694F81F1}.Release|Any CPU.ActiveCfg = Release|Any CPU
		{EEF180E5-F74C-4C0D-A52A-BE6F694F81F1}.Release|Any CPU.Build.0 = Release|Any CPU
	EndGlobalSection
	GlobalSection(SolutionProperties) = preSolution
		HideSolutionNode = FALSE
	EndGlobalSection
	GlobalSection(ExtensibilityGlobals) = postSolution
		SolutionGuid = {E6CD2578-3BC5-48A7-8672-07FCBBBB8FD5}
	EndGlobalSection
EndGlobal
