
Microsoft Visual Studio Solution File, Format Version 12.00
# Visual Studio Version 17
VisualStudioVersion = 17.1.32328.378
MinimumVisualStudioVersion = 10.0.40219.1
Project("{FAE04EC0-301F-11D3-BF4B-00C04F79EFBC}") = "MyfristcoreMVC", "MyfristcoreMVC.csproj", "{B45938E1-C4AB-489E-9214-639D1A5E36A2}"
EndProject
Global
	GlobalSection(SolutionConfigurationPlatforms) = preSolution
		Debug|Any CPU = Debug|Any CPU
		Release|Any CPU = Release|Any CPU
	EndGlobalSection
	GlobalSection(ProjectConfigurationPlatforms) = postSolution
		{B45938E1-C4AB-489E-9214-639D1A5E36A2}.Debug|Any CPU.ActiveCfg = Debug|Any CPU
		{B45938E1-C4AB-489E-9214-639D1A5E36A2}.Debug|Any CPU.Build.0 = Debug|Any CPU
		{B45938E1-C4AB-489E-9214-639D1A5E36A2}.Release|Any CPU.ActiveCfg = Release|Any CPU
		{B45938E1-C4AB-489E-9214-639D1A5E36A2}.Release|Any CPU.Build.0 = Release|Any CPU
	EndGlobalSection
	GlobalSection(SolutionProperties) = preSolution
		HideSolutionNode = FALSE
	EndGlobalSection
	GlobalSection(ExtensibilityGlobals) = postSolution
		SolutionGuid = {7D045D14-EDD1-4467-877B-9B84FBF16C57}
	EndGlobalSection
EndGlobal
