
Microsoft Visual Studio Solution File, Format Version 12.00
# Visual Studio Version 17
VisualStudioVersion = 17.1.32328.378
MinimumVisualStudioVersion = 10.0.40219.1
Project("{FAE04EC0-301F-11D3-BF4B-00C04F79EFBC}") = "Csharp Task7", "Csharp Task7.csproj", "{91D56F87-69DA-4ECB-8A00-F33913086181}"
EndProject
Global
	GlobalSection(SolutionConfigurationPlatforms) = preSolution
		Debug|Any CPU = Debug|Any CPU
		Release|Any CPU = Release|Any CPU
	EndGlobalSection
	GlobalSection(ProjectConfigurationPlatforms) = postSolution
		{91D56F87-69DA-4ECB-8A00-F33913086181}.Debug|Any CPU.ActiveCfg = Debug|Any CPU
		{91D56F87-69DA-4ECB-8A00-F33913086181}.Debug|Any CPU.Build.0 = Debug|Any CPU
		{91D56F87-69DA-4ECB-8A00-F33913086181}.Release|Any CPU.ActiveCfg = Release|Any CPU
		{91D56F87-69DA-4ECB-8A00-F33913086181}.Release|Any CPU.Build.0 = Release|Any CPU
	EndGlobalSection
	GlobalSection(SolutionProperties) = preSolution
		HideSolutionNode = FALSE
	EndGlobalSection
	GlobalSection(ExtensibilityGlobals) = postSolution
		SolutionGuid = {0B85D837-6065-4E70-9CB3-9EE3693043C9}
	EndGlobalSection
EndGlobal
