
Microsoft Visual Studio Solution File, Format Version 12.00
# Visual Studio Version 17
VisualStudioVersion = 17.1.32328.378
MinimumVisualStudioVersion = 10.0.40219.1
Project("{FAE04EC0-301F-11D3-BF4B-00C04F79EFBC}") = "debuggind", "debuggind\debuggind.csproj", "{F300C35D-4E74-48F6-867B-1F1395F748C1}"
EndProject
Global
	GlobalSection(SolutionConfigurationPlatforms) = preSolution
		Debug|Any CPU = Debug|Any CPU
		Release|Any CPU = Release|Any CPU
	EndGlobalSection
	GlobalSection(ProjectConfigurationPlatforms) = postSolution
		{F300C35D-4E74-48F6-867B-1F1395F748C1}.Debug|Any CPU.ActiveCfg = Debug|Any CPU
		{F300C35D-4E74-48F6-867B-1F1395F748C1}.Debug|Any CPU.Build.0 = Debug|Any CPU
		{F300C35D-4E74-48F6-867B-1F1395F748C1}.Release|Any CPU.ActiveCfg = Release|Any CPU
		{F300C35D-4E74-48F6-867B-1F1395F748C1}.Release|Any CPU.Build.0 = Release|Any CPU
	EndGlobalSection
	GlobalSection(SolutionProperties) = preSolution
		HideSolutionNode = FALSE
	EndGlobalSection
	GlobalSection(ExtensibilityGlobals) = postSolution
		SolutionGuid = {01018261-A435-4C05-9FCB-73E8D047287C}
	EndGlobalSection
EndGlobal
