
Microsoft Visual Studio Solution File, Format Version 12.00
# Visual Studio Version 17
VisualStudioVersion = 17.1.32328.378
MinimumVisualStudioVersion = 10.0.40219.1
Project("{FAE04EC0-301F-11D3-BF4B-00C04F79EFBC}") = "MyFirstCoreMVC", "MyFirstCoreMVC.csproj", "{2ED85066-17B1-492E-A7AB-B78C616F14E7}"
EndProject
Global
	GlobalSection(SolutionConfigurationPlatforms) = preSolution
		Debug|Any CPU = Debug|Any CPU
		Release|Any CPU = Release|Any CPU
	EndGlobalSection
	GlobalSection(ProjectConfigurationPlatforms) = postSolution
		{2ED85066-17B1-492E-A7AB-B78C616F14E7}.Debug|Any CPU.ActiveCfg = Debug|Any CPU
		{2ED85066-17B1-492E-A7AB-B78C616F14E7}.Debug|Any CPU.Build.0 = Debug|Any CPU
		{2ED85066-17B1-492E-A7AB-B78C616F14E7}.Release|Any CPU.ActiveCfg = Release|Any CPU
		{2ED85066-17B1-492E-A7AB-B78C616F14E7}.Release|Any CPU.Build.0 = Release|Any CPU
	EndGlobalSection
	GlobalSection(SolutionProperties) = preSolution
		HideSolutionNode = FALSE
	EndGlobalSection
	GlobalSection(ExtensibilityGlobals) = postSolution
		SolutionGuid = {6DD94A04-433F-409A-AB26-32B02C533176}
	EndGlobalSection
EndGlobal
